
Microsoft Visual Studio Solution File, Format Version 12.00
# Visual Studio Version 17
VisualStudioVersion = 17.3.32901.215
MinimumVisualStudioVersion = 10.0.40219.1
Project("{FAE04EC0-301F-11D3-BF4B-00C04F79EFBC}") = "C-Sharp", "C-Sharp.csproj", "{8B87C2D3-21FD-4C39-9632-CBD3228D4E08}"
EndProject
Global
	GlobalSection(SolutionConfigurationPlatforms) = preSolution
		Debug|Any CPU = Debug|Any CPU
		Release|Any CPU = Release|Any CPU
	EndGlobalSection
	GlobalSection(ProjectConfigurationPlatforms) = postSolution
		{8B87C2D3-21FD-4C39-9632-CBD3228D4E08}.Debug|Any CPU.ActiveCfg = Debug|Any CPU
		{8B87C2D3-21FD-4C39-9632-CBD3228D4E08}.Debug|Any CPU.Build.0 = Debug|Any CPU
		{8B87C2D3-21FD-4C39-9632-CBD3228D4E08}.Release|Any CPU.ActiveCfg = Release|Any CPU
		{8B87C2D3-21FD-4C39-9632-CBD3228D4E08}.Release|Any CPU.Build.0 = Release|Any CPU
	EndGlobalSection
	GlobalSection(SolutionProperties) = preSolution
		HideSolutionNode = FALSE
	EndGlobalSection
	GlobalSection(ExtensibilityGlobals) = postSolution
		SolutionGuid = {F04857DB-8D38-4483-9B20-0F50AE72628F}
	EndGlobalSection
EndGlobal
